
Microsoft Visual Studio Solution File, Format Version 12.00
# Visual Studio 15
VisualStudioVersion = 15.0.27004.2009
MinimumVisualStudioVersion = 10.0.40219.1
Project("{2150E333-8FDC-42A3-9474-1A3956D46DE8}") = "Presentation", "Presentation", "{492768F3-864C-40C6-A7DC-AE566ED250E7}"
EndProject
Project("{2150E333-8FDC-42A3-9474-1A3956D46DE8}") = "Dao", "Dao", "{784BD261-F3EB-4B5D-B2F7-A16AD47A8DED}"
EndProject
Project("{FAE04EC0-301F-11D3-BF4B-00C04F79EFBC}") = "LabxPonto_View", "LabxPonto_View\LabxPonto_View.csproj", "{90CD6129-5B72-4407-ACE8-8B1892FEFD69}"
EndProject
Project("{FAE04EC0-301F-11D3-BF4B-00C04F79EFBC}") = "LabxPonto_Dao", "LabxPonto_Dal\LabxPonto_Dao.csproj", "{09864DE5-F895-4444-9976-220E10E3BD1C}"
EndProject
Project("{2150E333-8FDC-42A3-9474-1A3956D46DE8}") = "Commons", "Commons", "{0DBC00FD-7206-4851-A29E-C881DB8E97AA}"
EndProject
Project("{FAE04EC0-301F-11D3-BF4B-00C04F79EFBC}") = "LabxPonto_Commons", "LabxPonto_Commons\LabxPonto_Commons.csproj", "{113B9ACA-FCD1-409B-83C3-9F002C5B3609}"
EndProject
Project("{2150E333-8FDC-42A3-9474-1A3956D46DE8}") = "Services", "Services", "{B75A512A-46D8-4D4E-847B-E047BA063243}"
EndProject
Project("{FAE04EC0-301F-11D3-BF4B-00C04F79EFBC}") = "LabxPonto_Services", "LabxPonto_Services\LabxPonto_Services.csproj", "{7AC44857-3BD1-48F6-85F9-5997181E54AB}"
EndProject
Global
	GlobalSection(SolutionConfigurationPlatforms) = preSolution
		Debug|Any CPU = Debug|Any CPU
		Release|Any CPU = Release|Any CPU
	EndGlobalSection
	GlobalSection(ProjectConfigurationPlatforms) = postSolution
		{90CD6129-5B72-4407-ACE8-8B1892FEFD69}.Debug|Any CPU.ActiveCfg = Debug|Any CPU
		{90CD6129-5B72-4407-ACE8-8B1892FEFD69}.Debug|Any CPU.Build.0 = Debug|Any CPU
		{90CD6129-5B72-4407-ACE8-8B1892FEFD69}.Release|Any CPU.ActiveCfg = Release|Any CPU
		{90CD6129-5B72-4407-ACE8-8B1892FEFD69}.Release|Any CPU.Build.0 = Release|Any CPU
		{09864DE5-F895-4444-9976-220E10E3BD1C}.Debug|Any CPU.ActiveCfg = Debug|Any CPU
		{09864DE5-F895-4444-9976-220E10E3BD1C}.Debug|Any CPU.Build.0 = Debug|Any CPU
		{09864DE5-F895-4444-9976-220E10E3BD1C}.Release|Any CPU.ActiveCfg = Release|Any CPU
		{09864DE5-F895-4444-9976-220E10E3BD1C}.Release|Any CPU.Build.0 = Release|Any CPU
		{113B9ACA-FCD1-409B-83C3-9F002C5B3609}.Debug|Any CPU.ActiveCfg = Debug|Any CPU
		{113B9ACA-FCD1-409B-83C3-9F002C5B3609}.Debug|Any CPU.Build.0 = Debug|Any CPU
		{113B9ACA-FCD1-409B-83C3-9F002C5B3609}.Release|Any CPU.ActiveCfg = Release|Any CPU
		{113B9ACA-FCD1-409B-83C3-9F002C5B3609}.Release|Any CPU.Build.0 = Release|Any CPU
		{7AC44857-3BD1-48F6-85F9-5997181E54AB}.Debug|Any CPU.ActiveCfg = Debug|Any CPU
		{7AC44857-3BD1-48F6-85F9-5997181E54AB}.Debug|Any CPU.Build.0 = Debug|Any CPU
		{7AC44857-3BD1-48F6-85F9-5997181E54AB}.Release|Any CPU.ActiveCfg = Release|Any CPU
		{7AC44857-3BD1-48F6-85F9-5997181E54AB}.Release|Any CPU.Build.0 = Release|Any CPU
	EndGlobalSection
	GlobalSection(SolutionProperties) = preSolution
		HideSolutionNode = FALSE
	EndGlobalSection
	GlobalSection(NestedProjects) = preSolution
		{90CD6129-5B72-4407-ACE8-8B1892FEFD69} = {492768F3-864C-40C6-A7DC-AE566ED250E7}
		{09864DE5-F895-4444-9976-220E10E3BD1C} = {784BD261-F3EB-4B5D-B2F7-A16AD47A8DED}
		{113B9ACA-FCD1-409B-83C3-9F002C5B3609} = {0DBC00FD-7206-4851-A29E-C881DB8E97AA}
		{7AC44857-3BD1-48F6-85F9-5997181E54AB} = {B75A512A-46D8-4D4E-847B-E047BA063243}
	EndGlobalSection
	GlobalSection(ExtensibilityGlobals) = postSolution
		SolutionGuid = {844BC8E9-CBA7-433E-AF9F-FBECFB35E50C}
	EndGlobalSection
EndGlobal
